
Microsoft Visual Studio Solution File, Format Version 12.00
# Visual Studio 2015
Project("{FAE04EC0-301F-11D3-BF4B-00C04F79EFBC}") = "DefendEarth.CSharp", "DefendEarth.CSharp.csproj", "{2FF2D96F-B860-797E-FD4A-62CD43F4C08E}"
EndProject
Global
	GlobalSection(SolutionConfigurationPlatforms) = preSolution
		Debug|Any CPU = Debug|Any CPU
		Release|Any CPU = Release|Any CPU
	EndGlobalSection
	GlobalSection(ProjectConfigurationPlatforms) = postSolution
		{2FF2D96F-B860-797E-FD4A-62CD43F4C08E}.Debug|Any CPU.ActiveCfg = Debug|Any CPU
		{2FF2D96F-B860-797E-FD4A-62CD43F4C08E}.Debug|Any CPU.Build.0 = Debug|Any CPU
		{2FF2D96F-B860-797E-FD4A-62CD43F4C08E}.Release|Any CPU.ActiveCfg = Release|Any CPU
		{2FF2D96F-B860-797E-FD4A-62CD43F4C08E}.Release|Any CPU.Build.0 = Release|Any CPU
	EndGlobalSection
	GlobalSection(SolutionProperties) = preSolution
		HideSolutionNode = FALSE
	EndGlobalSection
EndGlobal
